
Microsoft Visual Studio Solution File, Format Version 12.00
# Visual Studio Version 17
VisualStudioVersion = 17.0.32112.339
MinimumVisualStudioVersion = 10.0.40219.1
Project("{9A19103F-16F7-4668-BE54-9A1E7A4F7556}") = "CartAPI", "CartAPI\CartAPI.csproj", "{83CC0829-5043-46BB-8990-DBE4D71AB54C}"
EndProject
Project("{9A19103F-16F7-4668-BE54-9A1E7A4F7556}") = "Cart.Data", "Cart.Data\Cart.Data.csproj", "{1F7DCF44-B671-46ED-BFF3-EF6C23CB8FCA}"
EndProject
Project("{FAE04EC0-301F-11D3-BF4B-00C04F79EFBC}") = "CartTest", "CartTest\CartTest.csproj", "{CD2297C5-0BFD-447E-95F6-CFACF2789186}"
EndProject
Global
	GlobalSection(SolutionConfigurationPlatforms) = preSolution
		Debug|Any CPU = Debug|Any CPU
		Release|Any CPU = Release|Any CPU
	EndGlobalSection
	GlobalSection(ProjectConfigurationPlatforms) = postSolution
		{83CC0829-5043-46BB-8990-DBE4D71AB54C}.Debug|Any CPU.ActiveCfg = Debug|Any CPU
		{83CC0829-5043-46BB-8990-DBE4D71AB54C}.Debug|Any CPU.Build.0 = Debug|Any CPU
		{83CC0829-5043-46BB-8990-DBE4D71AB54C}.Release|Any CPU.ActiveCfg = Release|Any CPU
		{83CC0829-5043-46BB-8990-DBE4D71AB54C}.Release|Any CPU.Build.0 = Release|Any CPU
		{1F7DCF44-B671-46ED-BFF3-EF6C23CB8FCA}.Debug|Any CPU.ActiveCfg = Debug|Any CPU
		{1F7DCF44-B671-46ED-BFF3-EF6C23CB8FCA}.Debug|Any CPU.Build.0 = Debug|Any CPU
		{1F7DCF44-B671-46ED-BFF3-EF6C23CB8FCA}.Release|Any CPU.ActiveCfg = Release|Any CPU
		{1F7DCF44-B671-46ED-BFF3-EF6C23CB8FCA}.Release|Any CPU.Build.0 = Release|Any CPU
		{CD2297C5-0BFD-447E-95F6-CFACF2789186}.Debug|Any CPU.ActiveCfg = Debug|Any CPU
		{CD2297C5-0BFD-447E-95F6-CFACF2789186}.Debug|Any CPU.Build.0 = Debug|Any CPU
		{CD2297C5-0BFD-447E-95F6-CFACF2789186}.Release|Any CPU.ActiveCfg = Release|Any CPU
		{CD2297C5-0BFD-447E-95F6-CFACF2789186}.Release|Any CPU.Build.0 = Release|Any CPU
	EndGlobalSection
	GlobalSection(SolutionProperties) = preSolution
		HideSolutionNode = FALSE
	EndGlobalSection
	GlobalSection(ExtensibilityGlobals) = postSolution
		SolutionGuid = {35026C00-2416-4CAE-A8A4-367A54ADA442}
	EndGlobalSection
EndGlobal
